
Microsoft Visual Studio Solution File, Format Version 12.00
# Visual Studio Version 17
VisualStudioVersion = 17.8.34408.163
MinimumVisualStudioVersion = 10.0.40219.1
Project("{9A19103F-16F7-4668-BE54-9A1E7A4F7556}") = "SmartWeather.StationMocker", "SmartWeather.StationMocker.csproj", "{EF90F711-673C-4DF9-B77A-65C19582519B}"
EndProject
Project("{9A19103F-16F7-4668-BE54-9A1E7A4F7556}") = "SmartWeather.Entities", "..\..\libs\SmartWeather.Entities\SmartWeather.Entities.csproj", "{EA401438-0455-4B4F-B594-A3607FDCC60D}"
EndProject
Project("{9A19103F-16F7-4668-BE54-9A1E7A4F7556}") = "SmartWeather.Repositories", "..\..\libs\SmartWeather.Repositories\SmartWeather.Repositories.csproj", "{0EEEF3E5-93DF-4ED5-AD9E-A4DA30FC2128}"
EndProject
Project("{9A19103F-16F7-4668-BE54-9A1E7A4F7556}") = "SmartWeather.Services", "..\..\libs\SmartWeather.Services\SmartWeather.Services.csproj", "{9B015D0C-FA0E-4230-9C38-7E7C5B0D7454}"
EndProject
Global
	GlobalSection(SolutionConfigurationPlatforms) = preSolution
		Debug|Any CPU = Debug|Any CPU
		Release|Any CPU = Release|Any CPU
	EndGlobalSection
	GlobalSection(ProjectConfigurationPlatforms) = postSolution
		{EF90F711-673C-4DF9-B77A-65C19582519B}.Debug|Any CPU.ActiveCfg = Debug|Any CPU
		{EF90F711-673C-4DF9-B77A-65C19582519B}.Debug|Any CPU.Build.0 = Debug|Any CPU
		{EF90F711-673C-4DF9-B77A-65C19582519B}.Release|Any CPU.ActiveCfg = Release|Any CPU
		{EF90F711-673C-4DF9-B77A-65C19582519B}.Release|Any CPU.Build.0 = Release|Any CPU
		{EA401438-0455-4B4F-B594-A3607FDCC60D}.Debug|Any CPU.ActiveCfg = Debug|Any CPU
		{EA401438-0455-4B4F-B594-A3607FDCC60D}.Debug|Any CPU.Build.0 = Debug|Any CPU
		{EA401438-0455-4B4F-B594-A3607FDCC60D}.Release|Any CPU.ActiveCfg = Release|Any CPU
		{EA401438-0455-4B4F-B594-A3607FDCC60D}.Release|Any CPU.Build.0 = Release|Any CPU
		{0EEEF3E5-93DF-4ED5-AD9E-A4DA30FC2128}.Debug|Any CPU.ActiveCfg = Debug|Any CPU
		{0EEEF3E5-93DF-4ED5-AD9E-A4DA30FC2128}.Debug|Any CPU.Build.0 = Debug|Any CPU
		{0EEEF3E5-93DF-4ED5-AD9E-A4DA30FC2128}.Release|Any CPU.ActiveCfg = Release|Any CPU
		{0EEEF3E5-93DF-4ED5-AD9E-A4DA30FC2128}.Release|Any CPU.Build.0 = Release|Any CPU
		{9B015D0C-FA0E-4230-9C38-7E7C5B0D7454}.Debug|Any CPU.ActiveCfg = Debug|Any CPU
		{9B015D0C-FA0E-4230-9C38-7E7C5B0D7454}.Debug|Any CPU.Build.0 = Debug|Any CPU
		{9B015D0C-FA0E-4230-9C38-7E7C5B0D7454}.Release|Any CPU.ActiveCfg = Release|Any CPU
		{9B015D0C-FA0E-4230-9C38-7E7C5B0D7454}.Release|Any CPU.Build.0 = Release|Any CPU
	EndGlobalSection
	GlobalSection(SolutionProperties) = preSolution
		HideSolutionNode = FALSE
	EndGlobalSection
	GlobalSection(ExtensibilityGlobals) = postSolution
		SolutionGuid = {F06FEC44-817F-47EB-8CB1-432C5EF7B392}
	EndGlobalSection
EndGlobal
